
Microsoft Visual Studio Solution File, Format Version 12.00
# Visual Studio Version 17
VisualStudioVersion = 17.4.33403.182
MinimumVisualStudioVersion = 10.0.40219.1
Project("{FAE04EC0-301F-11D3-BF4B-00C04F79EFBC}") = "TestingProjectAutoDeploye", "TestingProjectAutoDeploye\TestingProjectAutoDeploye.csproj", "{6BB3A1BF-C330-4A2C-899F-DB130EA2963C}"
EndProject
Global
	GlobalSection(SolutionConfigurationPlatforms) = preSolution
		Debug|Any CPU = Debug|Any CPU
		Release|Any CPU = Release|Any CPU
	EndGlobalSection
	GlobalSection(ProjectConfigurationPlatforms) = postSolution
		{6BB3A1BF-C330-4A2C-899F-DB130EA2963C}.Debug|Any CPU.ActiveCfg = Debug|Any CPU
		{6BB3A1BF-C330-4A2C-899F-DB130EA2963C}.Debug|Any CPU.Build.0 = Debug|Any CPU
		{6BB3A1BF-C330-4A2C-899F-DB130EA2963C}.Release|Any CPU.ActiveCfg = Release|Any CPU
		{6BB3A1BF-C330-4A2C-899F-DB130EA2963C}.Release|Any CPU.Build.0 = Release|Any CPU
	EndGlobalSection
	GlobalSection(SolutionProperties) = preSolution
		HideSolutionNode = FALSE
	EndGlobalSection
	GlobalSection(ExtensibilityGlobals) = postSolution
		SolutionGuid = {62CAE23A-03B2-4560-91F9-6E214124BB05}
	EndGlobalSection
EndGlobal
